// !$*UTF8*$!
{
	archiveVersion = 1;
	classes = {
	};
	objectVersion = 50;
	objects = {

/* Begin PBXBuildFile section */
		47A49F468F214C8F7C1FC8EA /* Pods_compress_app.framework in Frameworks */ = {isa = PBXBuildFile; fileRef = 6390F75099D18FB08A6FC3B0 /* Pods_compress_app.framework */; };
		527C3D1F23FFCCE100C7E5BA /* AppDelegate.swift in Sources */ = {isa = PBXBuildFile; fileRef = 527C3D1E23FFCCE100C7E5BA /* AppDelegate.swift */; };
		527C3D2123FFCCE100C7E5BA /* SceneDelegate.swift in Sources */ = {isa = PBXBuildFile; fileRef = 527C3D2023FFCCE100C7E5BA /* SceneDelegate.swift */; };
		527C3D2323FFCCE100C7E5BA /* ViewController.swift in Sources */ = {isa = PBXBuildFile; fileRef = 527C3D2223FFCCE100C7E5BA /* ViewController.swift */; };
		527C3D2623FFCCE100C7E5BA /* Main.storyboard in Resources */ = {isa = PBXBuildFile; fileRef = 527C3D2423FFCCE100C7E5BA /* Main.storyboard */; };
		527C3D2823FFCCE400C7E5BA /* Assets.xcassets in Resources */ = {isa = PBXBuildFile; fileRef = 527C3D2723FFCCE400C7E5BA /* Assets.xcassets */; };
		527C3D2B23FFCCE400C7E5BA /* LaunchScreen.storyboard in Resources */ = {isa = PBXBuildFile; fileRef = 527C3D2923FFCCE400C7E5BA /* LaunchScreen.storyboard */; };
		52C0A737240655B9005596E7 /* PaymentViewController.swift in Sources */ = {isa = PBXBuildFile; fileRef = 52C0A736240655B9005596E7 /* PaymentViewController.swift */; };
/* End PBXBuildFile section */

/* Begin PBXFileReference section */
		2E07E04254AA400824DF8970 /* Pods-compress app.release.xcconfig */ = {isa = PBXFileReference; includeInIndex = 1; lastKnownFileType = text.xcconfig; name = "Pods-compress app.release.xcconfig"; path = "Target Support Files/Pods-compress app/Pods-compress app.release.xcconfig"; sourceTree = "<group>"; };
		4C5C5A0B4BA1A93E88EC0391 /* Pods-compress app.debug.xcconfig */ = {isa = PBXFileReference; includeInIndex = 1; lastKnownFileType = text.xcconfig; name = "Pods-compress app.debug.xcconfig"; path = "Target Support Files/Pods-compress app/Pods-compress app.debug.xcconfig"; sourceTree = "<group>"; };
		527C3D1B23FFCCE100C7E5BA /* compress app.app */ = {isa = PBXFileReference; explicitFileType = wrapper.application; includeInIndex = 0; path = "compress app.app"; sourceTree = BUILT_PRODUCTS_DIR; };
		527C3D1E23FFCCE100C7E5BA /* AppDelegate.swift */ = {isa = PBXFileReference; lastKnownFileType = sourcecode.swift; path = AppDelegate.swift; sourceTree = "<group>"; };
		527C3D2023FFCCE100C7E5BA /* SceneDelegate.swift */ = {isa = PBXFileReference; lastKnownFileType = sourcecode.swift; path = SceneDelegate.swift; sourceTree = "<group>"; };
		527C3D2223FFCCE100C7E5BA /* ViewController.swift */ = {isa = PBXFileReference; lastKnownFileType = sourcecode.swift; path = ViewController.swift; sourceTree = "<group>"; };
		527C3D2523FFCCE100C7E5BA /* Base */ = {isa = PBXFileReference; lastKnownFileType = file.storyboard; name = Base; path = Base.lproj/Main.storyboard; sourceTree = "<group>"; };
		527C3D2723FFCCE400C7E5BA /* Assets.xcassets */ = {isa = PBXFileReference; lastKnownFileType = folder.assetcatalog; path = Assets.xcassets; sourceTree = "<group>"; };
		527C3D2A23FFCCE400C7E5BA /* Base */ = {isa = PBXFileReference; lastKnownFileType = file.storyboard; name = Base; path = Base.lproj/LaunchScreen.storyboard; sourceTree = "<group>"; };
		527C3D2C23FFCCE400C7E5BA /* Info.plist */ = {isa = PBXFileReference; lastKnownFileType = text.plist.xml; path = Info.plist; sourceTree = "<group>"; };
		52C0A736240655B9005596E7 /* PaymentViewController.swift */ = {isa = PBXFileReference; lastKnownFileType = sourcecode.swift; path = PaymentViewController.swift; sourceTree = "<group>"; };
		6390F75099D18FB08A6FC3B0 /* Pods_compress_app.framework */ = {isa = PBXFileReference; explicitFileType = wrapper.framework; includeInIndex = 0; path = Pods_compress_app.framework; sourceTree = BUILT_PRODUCTS_DIR; };
/* End PBXFileReference section */

/* Begin PBXFrameworksBuildPhase section */
		527C3D1823FFCCE000C7E5BA /* Frameworks */ = {
			isa = PBXFrameworksBuildPhase;
			buildActionMask = 2147483647;
			files = (
				47A49F468F214C8F7C1FC8EA /* Pods_compress_app.framework in Frameworks */,
			);
			runOnlyForDeploymentPostprocessing = 0;
		};
/* End PBXFrameworksBuildPhase section */

/* Begin PBXGroup section */
		527C3D1223FFCCE000C7E5BA = {
			isa = PBXGroup;
			children = (
				527C3D1D23FFCCE100C7E5BA /* compress app */,
				527C3D1C23FFCCE100C7E5BA /* Products */,
				F0807A1310DFE2890EE488BF /* Pods */,
				67F384FFE8C6648807335E30 /* Frameworks */,
			);
			sourceTree = "<group>";
		};
		527C3D1C23FFCCE100C7E5BA /* Products */ = {
			isa = PBXGroup;
			children = (
				527C3D1B23FFCCE100C7E5BA /* compress app.app */,
			);
			name = Products;
			sourceTree = "<group>";
		};
		527C3D1D23FFCCE100C7E5BA /* compress app */ = {
			isa = PBXGroup;
			children = (
				527C3D1E23FFCCE100C7E5BA /* AppDelegate.swift */,
				527C3D2023FFCCE100C7E5BA /* SceneDelegate.swift */,
				527C3D2223FFCCE100C7E5BA /* ViewController.swift */,
				52C0A736240655B9005596E7 /* PaymentViewController.swift */,
				527C3D2423FFCCE100C7E5BA /* Main.storyboard */,
				527C3D2723FFCCE400C7E5BA /* Assets.xcassets */,
				527C3D2923FFCCE400C7E5BA /* LaunchScreen.storyboard */,
				527C3D2C23FFCCE400C7E5BA /* Info.plist */,
			);
			path = "compress app";
			sourceTree = "<group>";
		};
		67F384FFE8C6648807335E30 /* Frameworks */ = {
			isa = PBXGroup;
			children = (
				6390F75099D18FB08A6FC3B0 /* Pods_compress_app.framework */,
			);
			name = Frameworks;
			sourceTree = "<group>";
		};
		F0807A1310DFE2890EE488BF /* Pods */ = {
			isa = PBXGroup;
			children = (
				4C5C5A0B4BA1A93E88EC0391 /* Pods-compress app.debug.xcconfig */,
				2E07E04254AA400824DF8970 /* Pods-compress app.release.xcconfig */,
			);
			name = Pods;
			path = Pods;
			sourceTree = "<group>";
		};
/* End PBXGroup section */

/* Begin PBXNativeTarget section */
		527C3D1A23FFCCE000C7E5BA /* compress app */ = {
			isa = PBXNativeTarget;
			buildConfigurationList = 527C3D2F23FFCCE400C7E5BA /* Build configuration list for PBXNativeTarget "compress app" */;
			buildPhases = (
				6E8BF9D744B3094263BC74E4 /* [CP] Check Pods Manifest.lock */,
				527C3D1723FFCCE000C7E5BA /* Sources */,
				527C3D1823FFCCE000C7E5BA /* Frameworks */,
				527C3D1923FFCCE000C7E5BA /* Resources */,
				1FE3919A176FCB5D7ED9ED43 /* [CP] Embed Pods Frameworks */,
			);
			buildRules = (
			);
			dependencies = (
			);
			name = "compress app";
			productName = "compress app";
			productReference = 527C3D1B23FFCCE100C7E5BA /* compress app.app */;
			productType = "com.apple.product-type.application";
		};
/* End PBXNativeTarget section */

/* Begin PBXProject section */
		527C3D1323FFCCE000C7E5BA /* Project object */ = {
			isa = PBXProject;
			attributes = {
				LastSwiftUpdateCheck = 1120;
				LastUpgradeCheck = 1120;
				ORGANIZATIONNAME = "Pita Studio";
				TargetAttributes = {
					527C3D1A23FFCCE000C7E5BA = {
						CreatedOnToolsVersion = 11.2.1;
					};
				};
			};
			buildConfigurationList = 527C3D1623FFCCE000C7E5BA /* Build configuration list for PBXProject "compress app" */;
			compatibilityVersion = "Xcode 9.3";
			developmentRegion = en;
			hasScannedForEncodings = 0;
			knownRegions = (
				en,
				Base,
			);
			mainGroup = 527C3D1223FFCCE000C7E5BA;
			productRefGroup = 527C3D1C23FFCCE100C7E5BA /* Products */;
			projectDirPath = "";
			projectRoot = "";
			targets = (
				527C3D1A23FFCCE000C7E5BA /* compress app */,
			);
		};
/* End PBXProject section */

/* Begin PBXResourcesBuildPhase section */
		527C3D1923FFCCE000C7E5BA /* Resources */ = {
			isa = PBXResourcesBuildPhase;
			buildActionMask = 2147483647;
			files = (
				527C3D2B23FFCCE400C7E5BA /* LaunchScreen.storyboard in Resources */,
				527C3D2823FFCCE400C7E5BA /* Assets.xcassets in Resources */,
				527C3D2623FFCCE100C7E5BA /* Main.storyboard in Resources */,
			);
			runOnlyForDeploymentPostprocessing = 0;
		};
/* End PBXResourcesBuildPhase section */

/* Begin PBXShellScriptBuildPhase section */
		1FE3919A176FCB5D7ED9ED43 /* [CP] Embed Pods Frameworks */ = {
			isa = PBXShellScriptBuildPhase;
			buildActionMask = 2147483647;
			files = (
			);
			inputFileListPaths = (
				"${PODS_ROOT}/Target Support Files/Pods-compress app/Pods-compress app-frameworks-${CONFIGURATION}-input-files.xcfilelist",
			);
			name = "[CP] Embed Pods Frameworks";
			outputFileListPaths = (
				"${PODS_ROOT}/Target Support Files/Pods-compress app/Pods-compress app-frameworks-${CONFIGURATION}-output-files.xcfilelist",
			);
			runOnlyForDeploymentPostprocessing = 0;
			shellPath = /bin/sh;
			shellScript = "\"${PODS_ROOT}/Target Support Files/Pods-compress app/Pods-compress app-frameworks.sh\"\n";
			showEnvVarsInLog = 0;
		};
		6E8BF9D744B3094263BC74E4 /* [CP] Check Pods Manifest.lock */ = {
			isa = PBXShellScriptBuildPhase;
			buildActionMask = 2147483647;
			files = (
			);
			inputFileListPaths = (
			);
			inputPaths = (
				"${PODS_PODFILE_DIR_PATH}/Podfile.lock",
				"${PODS_ROOT}/Manifest.lock",
			);
			name = "[CP] Check Pods Manifest.lock";
			outputFileListPaths = (
			);
			outputPaths = (
				"$(DERIVED_FILE_DIR)/Pods-compress app-checkManifestLockResult.txt",
			);
			runOnlyForDeploymentPostprocessing = 0;
			shellPath = /bin/sh;
			shellScript = "diff \"${PODS_PODFILE_DIR_PATH}/Podfile.lock\" \"${PODS_ROOT}/Manifest.lock\" > /dev/null\nif [ $? != 0 ] ; then\n    # print error to STDERR\n    echo \"error: The sandbox is not in sync with the Podfile.lock. Run 'pod install' or update your CocoaPods installation.\" >&2\n    exit 1\nfi\n# This output is used by Xcode 'outputs' to avoid re-running this script phase.\necho \"SUCCESS\" > \"${SCRIPT_OUTPUT_FILE_0}\"\n";
			showEnvVarsInLog = 0;
		};
/* End PBXShellScriptBuildPhase section */

/* Begin PBXSourcesBuildPhase section */
		527C3D1723FFCCE000C7E5BA /* Sources */ = {
			isa = PBXSourcesBuildPhase;
			buildActionMask = 2147483647;
			files = (
				527C3D2323FFCCE100C7E5BA /* ViewController.swift in Sources */,
				527C3D1F23FFCCE100C7E5BA /* AppDelegate.swift in Sources */,
				527C3D2123FFCCE100C7E5BA /* SceneDelegate.swift in Sources */,
				52C0A737240655B9005596E7 /* PaymentViewController.swift in Sources */,
			);
			runOnlyForDeploymentPostprocessing = 0;
		};
/* End PBXSourcesBuildPhase section */

/* Begin PBXVariantGroup section */
		527C3D2423FFCCE100C7E5BA /* Main.storyboard */ = {
			isa = PBXVariantGroup;
			children = (
				527C3D2523FFCCE100C7E5BA /* Base */,
			);
			name = Main.storyboard;
			sourceTree = "<group>";
		};
		527C3D2923FFCCE400C7E5BA /* LaunchScreen.storyboard */ = {
			isa = PBXVariantGroup;
			children = (
				527C3D2A23FFCCE400C7E5BA /* Base */,
			);
			name = LaunchScreen.storyboard;
			sourceTree = "<group>";
		};
/* End PBXVariantGroup section */

/* Begin XCBuildConfiguration section */
		527C3D2D23FFCCE400C7E5BA /* Debug */ = {
			isa = XCBuildConfiguration;
			buildSettings = {
				ALWAYS_SEARCH_USER_PATHS = NO;
				CLANG_ANALYZER_NONNULL = YES;
				CLANG_ANALYZER_NUMBER_OBJECT_CONVERSION = YES_AGGRESSIVE;
				CLANG_CXX_LANGUAGE_STANDARD = "gnu++14";
				CLANG_CXX_LIBRARY = "libc++";
				CLANG_ENABLE_MODULES = YES;
				CLANG_ENABLE_OBJC_ARC = YES;
				CLANG_ENABLE_OBJC_WEAK = YES;
				CLANG_WARN_BLOCK_CAPTURE_AUTORELEASING = YES;
				CLANG_WARN_BOOL_CONVERSION = YES;
				CLANG_WARN_COMMA = YES;
				CLANG_WARN_CONSTANT_CONVERSION = YES;
				CLANG_WARN_DEPRECATED_OBJC_IMPLEMENTATIONS = YES;
				CLANG_WARN_DIRECT_OBJC_ISA_USAGE = YES_ERROR;
				CLANG_WARN_DOCUMENTATION_COMMENTS = YES;
				CLANG_WARN_EMPTY_BODY = YES;
				CLANG_WARN_ENUM_CONVERSION = YES;
				CLANG_WARN_INFINITE_RECURSION = YES;
				CLANG_WARN_INT_CONVERSION = YES;
				CLANG_WARN_NON_LITERAL_NULL_CONVERSION = YES;
				CLANG_WARN_OBJC_IMPLICIT_RETAIN_SELF = YES;
				CLANG_WARN_OBJC_LITERAL_CONVERSION = YES;
				CLANG_WARN_OBJC_ROOT_CLASS = YES_ERROR;
				CLANG_WARN_RANGE_LOOP_ANALYSIS = YES;
				CLANG_WARN_STRICT_PROTOTYPES = YES;
				CLANG_WARN_SUSPICIOUS_MOVE = YES;
				CLANG_WARN_UNGUARDED_AVAILABILITY = YES_AGGRESSIVE;
				CLANG_WARN_UNREACHABLE_CODE = YES;
				CLANG_WARN__DUPLICATE_METHOD_MATCH = YES;
				COPY_PHASE_STRIP = NO;
				DEBUG_INFORMATION_FORMAT = dwarf;
				ENABLE_STRICT_OBJC_MSGSEND = YES;
				ENABLE_TESTABILITY = YES;
				GCC_C_LANGUAGE_STANDARD = gnu11;
				GCC_DYNAMIC_NO_PIC = NO;
				GCC_NO_COMMON_BLOCKS = YES;
				GCC_OPTIMIZATION_LEVEL = 0;
				GCC_PREPROCESSOR_DEFINITIONS = (
					"DEBUG=1",
					"$(inherited)",
				);
				GCC_WARN_64_TO_32_BIT_CONVERSION = YES;
				GCC_WARN_ABOUT_RETURN_TYPE = YES_ERROR;
				GCC_WARN_UNDECLARED_SELECTOR = YES;
				GCC_WARN_UNINITIALIZED_AUTOS = YES_AGGRESSIVE;
				GCC_WARN_UNUSED_FUNCTION = YES;
				GCC_WARN_UNUSED_VARIABLE = YES;
				IPHONEOS_DEPLOYMENT_TARGET = 13.2;
				MTL_ENABLE_DEBUG_INFO = INCLUDE_SOURCE;
				MTL_FAST_MATH = YES;
				ONLY_ACTIVE_ARCH = YES;
				SDKROOT = iphoneos;
				SWIFT_ACTIVE_COMPILATION_CONDITIONS = DEBUG;
				SWIFT_OPTIMIZATION_LEVEL = "-Onone";
			};
			name = Debug;
		};
		527C3D2E23FFCCE400C7E5BA /* Release */ = {
			isa = XCBuildConfiguration;
			buildSettings = {
				ALWAYS_SEARCH_USER_PATHS = NO;
				CLANG_ANALYZER_NONNULL = YES;
				CLANG_ANALYZER_NUMBER_OBJECT_CONVERSION = YES_AGGRESSIVE;
				CLANG_CXX_LANGUAGE_STANDARD = "gnu++14";
				CLANG_CXX_LIBRARY = "libc++";
				CLANG_ENABLE_MODULES = YES;
				CLANG_ENABLE_OBJC_ARC = YES;
				CLANG_ENABLE_OBJC_WEAK = YES;
				CLANG_WARN_BLOCK_CAPTURE_AUTORELEASING = YES;
				CLANG_WARN_BOOL_CONVERSION = YES;
				CLANG_WARN_COMMA = YES;
				CLANG_WARN_CONSTANT_CONVERSION = YES;
				CLANG_WARN_DEPRECATED_OBJC_IMPLEMENTATIONS = YES;
				CLANG_WARN_DIRECT_OBJC_ISA_USAGE = YES_ERROR;
				CLANG_WARN_DOCUMENTATION_COMMENTS = YES;
				CLANG_WARN_EMPTY_BODY = YES;
				CLANG_WARN_ENUM_CONVERSION = YES;
				CLANG_WARN_INFINITE_RECURSION = YES;
				CLANG_WARN_INT_CONVERSION = YES;
				CLANG_WARN_NON_LITERAL_NULL_CONVERSION = YES;
				CLANG_WARN_OBJC_IMPLICIT_RETAIN_SELF = YES;
				CLANG_WARN_OBJC_LITERAL_CONVERSION = YES;
				CLANG_WARN_OBJC_ROOT_CLASS = YES_ERROR;
				CLANG_WARN_RANGE_LOOP_ANALYSIS = YES;
				CLANG_WARN_STRICT_PROTOTYPES = YES;
				CLANG_WARN_SUSPICIOUS_MOVE = YES;
				CLANG_WARN_UNGUARDED_AVAILABILITY = YES_AGGRESSIVE;
				CLANG_WARN_UNREACHABLE_CODE = YES;
				CLANG_WARN__DUPLICATE_METHOD_MATCH = YES;
				COPY_PHASE_STRIP = NO;
				DEBUG_INFORMATION_FORMAT = "dwarf-with-dsym";
				ENABLE_NS_ASSERTIONS = NO;
				ENABLE_STRICT_OBJC_MSGSEND = YES;
				GCC_C_LANGUAGE_STANDARD = gnu11;
				GCC_NO_COMMON_BLOCKS = YES;
				GCC_WARN_64_TO_32_BIT_CONVERSION = YES;
				GCC_WARN_ABOUT_RETURN_TYPE = YES_ERROR;
				GCC_WARN_UNDECLARED_SELECTOR = YES;
				GCC_WARN_UNINITIALIZED_AUTOS = YES_AGGRESSIVE;
				GCC_WARN_UNUSED_FUNCTION = YES;
				GCC_WARN_UNUSED_VARIABLE = YES;
				IPHONEOS_DEPLOYMENT_TARGET = 13.2;
				MTL_ENABLE_DEBUG_INFO = NO;
				MTL_FAST_MATH = YES;
				SDKROOT = iphoneos;
				SWIFT_COMPILATION_MODE = wholemodule;
				SWIFT_OPTIMIZATION_LEVEL = "-O";
				VALIDATE_PRODUCT = YES;
			};
			name = Release;
		};
		527C3D3023FFCCE400C7E5BA /* Debug */ = {
			isa = XCBuildConfiguration;
			baseConfigurationReference = 4C5C5A0B4BA1A93E88EC0391 /* Pods-compress app.debug.xcconfig */;
			buildSettings = {
				ASSETCATALOG_COMPILER_APPICON_NAME = AppIcon;
				CODE_SIGN_STYLE = Automatic;
				DEVELOPMENT_TEAM = PP486X33A2;
				INFOPLIST_FILE = "compress app/Info.plist";
				LD_RUNPATH_SEARCH_PATHS = (
					"$(inherited)",
					"@executable_path/Frameworks",
				);
				PRODUCT_BUNDLE_IDENTIFIER = "PitaStudio.compress-app";
				PRODUCT_NAME = "$(TARGET_NAME)";
				SWIFT_VERSION = 5.0;
				TARGETED_DEVICE_FAMILY = "1,2";
			};
			name = Debug;
		};
		527C3D3123FFCCE400C7E5BA /* Release */ = {
			isa = XCBuildConfiguration;
			baseConfigurationReference = 2E07E04254AA400824DF8970 /* Pods-compress app.release.xcconfig */;
			buildSettings = {
				ASSETCATALOG_COMPILER_APPICON_NAME = AppIcon;
				CODE_SIGN_STYLE = Automatic;
				DEVELOPMENT_TEAM = PP486X33A2;
				INFOPLIST_FILE = "compress app/Info.plist";
				LD_RUNPATH_SEARCH_PATHS = (
					"$(inherited)",
					"@executable_path/Frameworks",
				);
				PRODUCT_BUNDLE_IDENTIFIER = "PitaStudio.compress-app";
				PRODUCT_NAME = "$(TARGET_NAME)";
				SWIFT_VERSION = 5.0;
				TARGETED_DEVICE_FAMILY = "1,2";
			};
			name = Release;
		};
/* End XCBuildConfiguration section */

/* Begin XCConfigurationList section */
		527C3D1623FFCCE000C7E5BA /* Build configuration list for PBXProject "compress app" */ = {
			isa = XCConfigurationList;
			buildConfigurations = (
				527C3D2D23FFCCE400C7E5BA /* Debug */,
				527C3D2E23FFCCE400C7E5BA /* Release */,
			);
			defaultConfigurationIsVisible = 0;
			defaultConfigurationName = Release;
		};
		527C3D2F23FFCCE400C7E5BA /* Build configuration list for PBXNativeTarget "compress app" */ = {
			isa = XCConfigurationList;
			buildConfigurations = (
				527C3D3023FFCCE400C7E5BA /* Debug */,
				527C3D3123FFCCE400C7E5BA /* Release */,
			);
			defaultConfigurationIsVisible = 0;
			defaultConfigurationName = Release;
		};
/* End XCConfigurationList section */
	};
	rootObject = 527C3D1323FFCCE000C7E5BA /* Project object */;
}
